Microsoft Visual Studio Solution File, Format Version 12.00
# Visual Studio Version 17
VisualStudioVersion = 17.14.36301.6
MinimumVisualStudioVersion = 10.0.40219.1
Project("{FAE04EC0-301F-11D3-BF4B-00C04F79EFBC}") = "Runic.CIL.Destackifier", "src\Runic.CIL.Destackifier.csproj", "{78B67CD3-F9CC-4FD0-A50A-072955CD2FA7}"
EndProject
Project("{2150E333-8FDC-42A3-9474-1A3956D46DE8}") = "Build", "Build", "{02EA681E-C7D8-13C7-8484-4AC65E1B71E8}"
EndProject
Project("{2150E333-8FDC-42A3-9474-1A3956D46DE8}") = "Net48", "Net48", "{E375E13B-9291-47F0-884A-3D84DA073A60}"
EndProject
Project("{2150E333-8FDC-42A3-9474-1A3956D46DE8}") = "Net6", "Net6", "{B4788F6A-EFCD-4FD8-AE4F-B61A42CFDD6F}"
EndProject
Project("{2150E333-8FDC-42A3-9474-1A3956D46DE8}") = "Net8", "Net8", "{05F834C3-F641-41E8-8D95-9A24548C38A2}"
EndProject
Project("{FAE04EC0-301F-11D3-BF4B-00C04F79EFBC}") = "Runic.CIL.Destackifier.Net48", "build\net48\Runic.CIL.Destackifier.Net48.csproj", "{C78758C6-867B-4D74-A66E-8718C4E39D82}"
EndProject
Project("{FAE04EC0-301F-11D3-BF4B-00C04F79EFBC}") = "Runic.CIL.Destackifier.Net8", "build\net8\Runic.CIL.Destackifier.Net8.csproj", "{83C59D2D-2C62-4208-A354-4C255DFF5AF3}"
EndProject
Project("{FAE04EC0-301F-11D3-BF4B-00C04F79EFBC}") = "Runic.CIL.Destackifier.Net6", "build\net6\Runic.CIL.Destackifier.Net6.csproj", "{0792122A-F9D9-4C33-B9B9-F747FD306711}"
EndProject
Project("{2150E333-8FDC-42A3-9474-1A3956D46DE8}") = "Nuget", "Nuget", "{0AA18D71-2C6A-446A-96F8-D9335DBF32BA}"
EndProject
Project("{FAE04EC0-301F-11D3-BF4B-00C04F79EFBC}") = "Runic.CIL.Destackifier.Nuget", "build\nuget\Runic.CIL.Destackifier.Nuget.csproj", "{EA1A8733-9E57-4916-A22B-5A1D7CCF0AEF}"
	ProjectSection(ProjectDependencies) = postProject
		{83C59D2D-2C62-4208-A354-4C255DFF5AF3} = {83C59D2D-2C62-4208-A354-4C255DFF5AF3}
		{0792122A-F9D9-4C33-B9B9-F747FD306711} = {0792122A-F9D9-4C33-B9B9-F747FD306711}
		{C78758C6-867B-4D74-A66E-8718C4E39D82} = {C78758C6-867B-4D74-A66E-8718C4E39D82}
	EndProjectSection
EndProject
Global
	GlobalSection(SolutionConfigurationPlatforms) = preSolution
		Debug|Any CPU = Debug|Any CPU
		Release|Any CPU = Release|Any CPU
	EndGlobalSection
	GlobalSection(ProjectConfigurationPlatforms) = postSolution
		{78B67CD3-F9CC-4FD0-A50A-072955CD2FA7}.Debug|Any CPU.ActiveCfg = Debug|Any CPU
		{78B67CD3-F9CC-4FD0-A50A-072955CD2FA7}.Debug|Any CPU.Build.0 = Debug|Any CPU
		{78B67CD3-F9CC-4FD0-A50A-072955CD2FA7}.Release|Any CPU.ActiveCfg = Release|Any CPU
		{78B67CD3-F9CC-4FD0-A50A-072955CD2FA7}.Release|Any CPU.Build.0 = Release|Any CPU
		{C78758C6-867B-4D74-A66E-8718C4E39D82}.Debug|Any CPU.ActiveCfg = Debug|Any CPU
		{C78758C6-867B-4D74-A66E-8718C4E39D82}.Debug|Any CPU.Build.0 = Debug|Any CPU
		{C78758C6-867B-4D74-A66E-8718C4E39D82}.Release|Any CPU.ActiveCfg = Release|Any CPU
		{C78758C6-867B-4D74-A66E-8718C4E39D82}.Release|Any CPU.Build.0 = Release|Any CPU
		{83C59D2D-2C62-4208-A354-4C255DFF5AF3}.Debug|Any CPU.ActiveCfg = Debug|Any CPU
		{83C59D2D-2C62-4208-A354-4C255DFF5AF3}.Debug|Any CPU.Build.0 = Debug|Any CPU
		{83C59D2D-2C62-4208-A354-4C255DFF5AF3}.Release|Any CPU.ActiveCfg = Release|Any CPU
		{83C59D2D-2C62-4208-A354-4C255DFF5AF3}.Release|Any CPU.Build.0 = Release|Any CPU
		{0792122A-F9D9-4C33-B9B9-F747FD306711}.Debug|Any CPU.ActiveCfg = Debug|Any CPU
		{0792122A-F9D9-4C33-B9B9-F747FD306711}.Debug|Any CPU.Build.0 = Debug|Any CPU
		{0792122A-F9D9-4C33-B9B9-F747FD306711}.Release|Any CPU.ActiveCfg = Release|Any CPU
		{0792122A-F9D9-4C33-B9B9-F747FD306711}.Release|Any CPU.Build.0 = Release|Any CPU
		{EA1A8733-9E57-4916-A22B-5A1D7CCF0AEF}.Debug|Any CPU.ActiveCfg = Debug|Any CPU
		{EA1A8733-9E57-4916-A22B-5A1D7CCF0AEF}.Debug|Any CPU.Build.0 = Debug|Any CPU
		{EA1A8733-9E57-4916-A22B-5A1D7CCF0AEF}.Release|Any CPU.ActiveCfg = Release|Any CPU
		{EA1A8733-9E57-4916-A22B-5A1D7CCF0AEF}.Release|Any CPU.Build.0 = Release|Any CPU
	EndGlobalSection
	GlobalSection(SolutionProperties) = preSolution
		HideSolutionNode = FALSE
	EndGlobalSection
	GlobalSection(NestedProjects) = preSolution
		{E375E13B-9291-47F0-884A-3D84DA073A60} = {02EA681E-C7D8-13C7-8484-4AC65E1B71E8}
		{B4788F6A-EFCD-4FD8-AE4F-B61A42CFDD6F} = {02EA681E-C7D8-13C7-8484-4AC65E1B71E8}
		{05F834C3-F641-41E8-8D95-9A24548C38A2} = {02EA681E-C7D8-13C7-8484-4AC65E1B71E8}
		{C78758C6-867B-4D74-A66E-8718C4E39D82} = {E375E13B-9291-47F0-884A-3D84DA073A60}
		{83C59D2D-2C62-4208-A354-4C255DFF5AF3} = {05F834C3-F641-41E8-8D95-9A24548C38A2}
		{0792122A-F9D9-4C33-B9B9-F747FD306711} = {B4788F6A-EFCD-4FD8-AE4F-B61A42CFDD6F}
		{0AA18D71-2C6A-446A-96F8-D9335DBF32BA} = {02EA681E-C7D8-13C7-8484-4AC65E1B71E8}
		{EA1A8733-9E57-4916-A22B-5A1D7CCF0AEF} = {0AA18D71-2C6A-446A-96F8-D9335DBF32BA}
	EndGlobalSection
	GlobalSection(ExtensibilityGlobals) = postSolution
		SolutionGuid = {330E4302-A9AA-42A8-8811-E37356B21BD2}
	EndGlobalSection
EndGlobal
